// !$*UTF8*$!
{
	archiveVersion = 1;
	classes = {
	};
	objectVersion = 56;
	objects = {

/* Begin PBXBuildFile section */
		F21F0BAA2CF00D6700274324 /* FCMRequest.swift in Sources */ = {isa = PBXBuildFile; fileRef = F21F0BA92CF00D6700274324 /* FCMRequest.swift */; };
		F21F0BAE2CF012EA00274324 /* DeviceIDManager.swift in Sources */ = {isa = PBXBuildFile; fileRef = F21F0BAD2CF012EA00274324 /* DeviceIDManager.swift */; };
		F22C19382CF021B700BCFCB7 /* PushData.swift in Sources */ = {isa = PBXBuildFile; fileRef = F22C19372CF021B700BCFCB7 /* PushData.swift */; };
		F22C193C2CF023AB00BCFCB7 /* SwiftDataManager.swift in Sources */ = {isa = PBXBuildFile; fileRef = F22C193B2CF023AB00BCFCB7 /* SwiftDataManager.swift */; };
		F22C193F2CF0326800BCFCB7 /* PushSettingView.swift in Sources */ = {isa = PBXBuildFile; fileRef = F22C193E2CF0326800BCFCB7 /* PushSettingView.swift */; };
		F22C19412CF0348300BCFCB7 /* FireStationList.json in Resources */ = {isa = PBXBuildFile; fileRef = F22C19402CF0348300BCFCB7 /* FireStationList.json */; };
		F22C19432CF03BB800BCFCB7 /* Color+Ex.swift in Sources */ = {isa = PBXBuildFile; fileRef = F22C19422CF03BB800BCFCB7 /* Color+Ex.swift */; };
		F22C19472CF03C9700BCFCB7 /* PushSettingFeature.swift in Sources */ = {isa = PBXBuildFile; fileRef = F22C19462CF03C9700BCFCB7 /* PushSettingFeature.swift */; };
		F27887952CEEB55700E66ED8 /* SearchView.swift in Sources */ = {isa = PBXBuildFile; fileRef = F27887942CEEB55700E66ED8 /* SearchView.swift */; };
		F27887972CEEB5A100E66ED8 /* FireDispatchListRow.swift in Sources */ = {isa = PBXBuildFile; fileRef = F27887962CEEB5A100E66ED8 /* FireDispatchListRow.swift */; };
		F27887992CEEB5D300E66ED8 /* TextFeild+Ex.swift in Sources */ = {isa = PBXBuildFile; fileRef = F27887982CEEB5D300E66ED8 /* TextFeild+Ex.swift */; };
		F278879B2CEEB62300E66ED8 /* UIApplication+Ex.swift in Sources */ = {isa = PBXBuildFile; fileRef = F278879A2CEEB62300E66ED8 /* UIApplication+Ex.swift */; };
		F27887A12CEEB88F00E66ED8 /* FireDispatchFeature.swift in Sources */ = {isa = PBXBuildFile; fileRef = F27887A02CEEB88F00E66ED8 /* FireDispatchFeature.swift */; };
		F27887A42CEEBA9D00E66ED8 /* AlertState+Ex.swift in Sources */ = {isa = PBXBuildFile; fileRef = F27887A32CEEBA9D00E66ED8 /* AlertState+Ex.swift */; };
		F27887A62CEEC8A900E66ED8 /* SearchFeature.swift in Sources */ = {isa = PBXBuildFile; fileRef = F27887A52CEEC8A900E66ED8 /* SearchFeature.swift */; };
		F27887A82CEEEA0300E66ED8 /* Date+Ex.swift in Sources */ = {isa = PBXBuildFile; fileRef = F27887A72CEEEA0300E66ED8 /* Date+Ex.swift */; };
		F27887AF2CEF1B9400E66ED8 /* FirebaseAnalytics in Frameworks */ = {isa = PBXBuildFile; productRef = F27887AE2CEF1B9400E66ED8 /* FirebaseAnalytics */; };
		F27887B12CEF1B9400E66ED8 /* FirebaseAnalyticsOnDeviceConversion in Frameworks */ = {isa = PBXBuildFile; productRef = F27887B02CEF1B9400E66ED8 /* FirebaseAnalyticsOnDeviceConversion */; };
		F27887B32CEF1B9400E66ED8 /* FirebaseAnalyticsWithoutAdIdSupport in Frameworks */ = {isa = PBXBuildFile; productRef = F27887B22CEF1B9400E66ED8 /* FirebaseAnalyticsWithoutAdIdSupport */; };
		F27887B52CEF1B9400E66ED8 /* FirebaseAppCheck in Frameworks */ = {isa = PBXBuildFile; productRef = F27887B42CEF1B9400E66ED8 /* FirebaseAppCheck */; };
		F27887B72CEF1B9400E66ED8 /* FirebaseAppDistribution-Beta in Frameworks */ = {isa = PBXBuildFile; productRef = F27887B62CEF1B9400E66ED8 /* FirebaseAppDistribution-Beta */; };
		F27887B92CEF1B9400E66ED8 /* FirebaseAuth in Frameworks */ = {isa = PBXBuildFile; productRef = F27887B82CEF1B9400E66ED8 /* FirebaseAuth */; };
		F27887BB2CEF1B9400E66ED8 /* FirebaseAuthCombine-Community in Frameworks */ = {isa = PBXBuildFile; productRef = F27887BA2CEF1B9400E66ED8 /* FirebaseAuthCombine-Community */; };
		F27887BD2CEF1B9400E66ED8 /* FirebaseCore in Frameworks */ = {isa = PBXBuildFile; productRef = F27887BC2CEF1B9400E66ED8 /* FirebaseCore */; };
		F27887BF2CEF1B9400E66ED8 /* FirebaseCrashlytics in Frameworks */ = {isa = PBXBuildFile; productRef = F27887BE2CEF1B9400E66ED8 /* FirebaseCrashlytics */; };
		F27887C12CEF1B9400E66ED8 /* FirebaseDatabase in Frameworks */ = {isa = PBXBuildFile; productRef = F27887C02CEF1B9400E66ED8 /* FirebaseDatabase */; };
		F27887C32CEF1B9400E66ED8 /* FirebaseDynamicLinks in Frameworks */ = {isa = PBXBuildFile; productRef = F27887C22CEF1B9400E66ED8 /* FirebaseDynamicLinks */; };
		F27887C52CEF1B9400E66ED8 /* FirebaseFirestore in Frameworks */ = {isa = PBXBuildFile; productRef = F27887C42CEF1B9400E66ED8 /* FirebaseFirestore */; };
		F27887C72CEF1B9400E66ED8 /* FirebaseFirestoreCombine-Community in Frameworks */ = {isa = PBXBuildFile; productRef = F27887C62CEF1B9400E66ED8 /* FirebaseFirestoreCombine-Community */; };
		F27887C92CEF1B9400E66ED8 /* FirebaseFunctions in Frameworks */ = {isa = PBXBuildFile; productRef = F27887C82CEF1B9400E66ED8 /* FirebaseFunctions */; };
		F27887CB2CEF1B9400E66ED8 /* FirebaseFunctionsCombine-Community in Frameworks */ = {isa = PBXBuildFile; productRef = F27887CA2CEF1B9400E66ED8 /* FirebaseFunctionsCombine-Community */; };
		F27887CD2CEF1B9400E66ED8 /* FirebaseInAppMessaging-Beta in Frameworks */ = {isa = PBXBuildFile; productRef = F27887CC2CEF1B9400E66ED8 /* FirebaseInAppMessaging-Beta */; };
		F27887CF2CEF1B9400E66ED8 /* FirebaseInstallations in Frameworks */ = {isa = PBXBuildFile; productRef = F27887CE2CEF1B9400E66ED8 /* FirebaseInstallations */; };
		F27887D12CEF1B9400E66ED8 /* FirebaseMLModelDownloader in Frameworks */ = {isa = PBXBuildFile; productRef = F27887D02CEF1B9400E66ED8 /* FirebaseMLModelDownloader */; };
		F27887D32CEF1B9400E66ED8 /* FirebaseMessaging in Frameworks */ = {isa = PBXBuildFile; productRef = F27887D22CEF1B9400E66ED8 /* FirebaseMessaging */; };
		F27887D52CEF1B9400E66ED8 /* FirebasePerformance in Frameworks */ = {isa = PBXBuildFile; productRef = F27887D42CEF1B9400E66ED8 /* FirebasePerformance */; };
		F27887D72CEF1B9400E66ED8 /* FirebaseRemoteConfig in Frameworks */ = {isa = PBXBuildFile; productRef = F27887D62CEF1B9400E66ED8 /* FirebaseRemoteConfig */; };
		F27887D92CEF1B9400E66ED8 /* FirebaseStorage in Frameworks */ = {isa = PBXBuildFile; productRef = F27887D82CEF1B9400E66ED8 /* FirebaseStorage */; };
		F27887DB2CEF1B9400E66ED8 /* FirebaseStorageCombine-Community in Frameworks */ = {isa = PBXBuildFile; productRef = F27887DA2CEF1B9400E66ED8 /* FirebaseStorageCombine-Community */; };
		F27887DD2CEF1B9400E66ED8 /* FirebaseVertexAI in Frameworks */ = {isa = PBXBuildFile; productRef = F27887DC2CEF1B9400E66ED8 /* FirebaseVertexAI */; };
		F27887DE2CEF1CDC00E66ED8 /* GoogleService-Info.plist in Resources */ = {isa = PBXBuildFile; fileRef = F27887AB2CEF0A0500E66ED8 /* GoogleService-Info.plist */; };
		F28B0EFC2CEDA7D000F8CEA5 /* FireDispatchStatusAppApp.swift in Sources */ = {isa = PBXBuildFile; fileRef = F28B0EFB2CEDA7D000F8CEA5 /* FireDispatchStatusAppApp.swift */; };
		F28B0EFE2CEDA7D000F8CEA5 /* FireDispatchView.swift in Sources */ = {isa = PBXBuildFile; fileRef = F28B0EFD2CEDA7D000F8CEA5 /* FireDispatchView.swift */; };
		F28B0F002CEDA7D200F8CEA5 /* Assets.xcassets in Resources */ = {isa = PBXBuildFile; fileRef = F28B0EFF2CEDA7D200F8CEA5 /* Assets.xcassets */; };
		F28B0F032CEDA7D200F8CEA5 /* Preview Assets.xcassets in Resources */ = {isa = PBXBuildFile; fileRef = F28B0F022CEDA7D200F8CEA5 /* Preview Assets.xcassets */; };
		F2A4E4212CF3EC6100C6364E /* FireStationModel.swift in Sources */ = {isa = PBXBuildFile; fileRef = F2A4E4202CF3EC6100C6364E /* FireStationModel.swift */; };
		F2A4E4272CF6AD3800C6364E /* FilterView.swift in Sources */ = {isa = PBXBuildFile; fileRef = F2A4E4262CF6AD3800C6364E /* FilterView.swift */; };
		F2A4E42E2CF6CE9400C6364E /* FilterFeature.swift in Sources */ = {isa = PBXBuildFile; fileRef = F2A4E42D2CF6CE9400C6364E /* FilterFeature.swift */; };
		F2A4E4302CF6E53100C6364E /* FireDispatchHeaderView.swift in Sources */ = {isa = PBXBuildFile; fileRef = F2A4E42F2CF6E53100C6364E /* FireDispatchHeaderView.swift */; };
		F2A4E4322CF6F13300C6364E /* FireDispatchHeaderFeature.swift in Sources */ = {isa = PBXBuildFile; fileRef = F2A4E4312CF6F13300C6364E /* FireDispatchHeaderFeature.swift */; };
		F2B626FC2CF065B100E00B24 /* FCMModel.swift in Sources */ = {isa = PBXBuildFile; fileRef = F2B626FB2CF065B100E00B24 /* FCMModel.swift */; };
		F2EAE4A32CF7061800FF690E /* TutorialView.swift in Sources */ = {isa = PBXBuildFile; fileRef = F2EAE4A22CF7061800FF690E /* TutorialView.swift */; };
		F2EAE4A62CF7DF3500FF690E /* MoreView.swift in Sources */ = {isa = PBXBuildFile; fileRef = F2EAE4A52CF7DF3500FF690E /* MoreView.swift */; };
		F2EAE4A82CF7EB6700FF690E /* MailView.swift in Sources */ = {isa = PBXBuildFile; fileRef = F2EAE4A72CF7EB6700FF690E /* MailView.swift */; };
		F2EE40192CEDAD5F00C87804 /* ComposableArchitecture in Frameworks */ = {isa = PBXBuildFile; productRef = F2EE40182CEDAD5F00C87804 /* ComposableArchitecture */; };
		F2EE40272CEDB2CB00C87804 /* .swiftlint.yml in Resources */ = {isa = PBXBuildFile; fileRef = F2EE40262CEDB2CB00C87804 /* .swiftlint.yml */; };
		F2EE402C2CEDBEB500C87804 /* NetworkError.swift in Sources */ = {isa = PBXBuildFile; fileRef = F2EE402B2CEDBEB500C87804 /* NetworkError.swift */; };
		F2EE402E2CEDBEDB00C87804 /* HTTPMethod.swift in Sources */ = {isa = PBXBuildFile; fileRef = F2EE402D2CEDBEDB00C87804 /* HTTPMethod.swift */; };
		F2EE40302CEDBF0500C87804 /* NetworkRequest.swift in Sources */ = {isa = PBXBuildFile; fileRef = F2EE402F2CEDBF0500C87804 /* NetworkRequest.swift */; };
		F2EE40322CEDBF5C00C87804 /* NetworkService.swift in Sources */ = {isa = PBXBuildFile; fileRef = F2EE40312CEDBF5C00C87804 /* NetworkService.swift */; };
		F2EE40382CEDC21A00C87804 /* String+Ex.swift in Sources */ = {isa = PBXBuildFile; fileRef = F2EE40372CEDC21A00C87804 /* String+Ex.swift */; };
		F2EE403B2CEDC2F900C87804 /* FireDispatchListRequest.swift in Sources */ = {isa = PBXBuildFile; fileRef = F2EE403A2CEDC2F900C87804 /* FireDispatchListRequest.swift */; };
		F2EE403E2CEDC31A00C87804 /* FireDispatchModel.swift in Sources */ = {isa = PBXBuildFile; fileRef = F2EE403D2CEDC31A00C87804 /* FireDispatchModel.swift */; };
/* End PBXBuildFile section */

/* Begin PBXFileReference section */
		F21F0BA92CF00D6700274324 /* FCMRequest.swift */ = {isa = PBXFileReference; lastKnownFileType = sourcecode.swift; path = FCMRequest.swift; sourceTree = "<group>"; };
		F21F0BAD2CF012EA00274324 /* DeviceIDManager.swift */ = {isa = PBXFileReference; lastKnownFileType = sourcecode.swift; path = DeviceIDManager.swift; sourceTree = "<group>"; };
		F22C19372CF021B700BCFCB7 /* PushData.swift */ = {isa = PBXFileReference; lastKnownFileType = sourcecode.swift; path = PushData.swift; sourceTree = "<group>"; };
		F22C193B2CF023AB00BCFCB7 /* SwiftDataManager.swift */ = {isa = PBXFileReference; lastKnownFileType = sourcecode.swift; path = SwiftDataManager.swift; sourceTree = "<group>"; };
		F22C193E2CF0326800BCFCB7 /* PushSettingView.swift */ = {isa = PBXFileReference; lastKnownFileType = sourcecode.swift; path = PushSettingView.swift; sourceTree = "<group>"; };
		F22C19402CF0348300BCFCB7 /* FireStationList.json */ = {isa = PBXFileReference; lastKnownFileType = text.json; path = FireStationList.json; sourceTree = "<group>"; };
		F22C19422CF03BB800BCFCB7 /* Color+Ex.swift */ = {isa = PBXFileReference; lastKnownFileType = sourcecode.swift; path = "Color+Ex.swift"; sourceTree = "<group>"; };
		F22C19462CF03C9700BCFCB7 /* PushSettingFeature.swift */ = {isa = PBXFileReference; lastKnownFileType = sourcecode.swift; path = PushSettingFeature.swift; sourceTree = "<group>"; };
		F27887942CEEB55700E66ED8 /* SearchView.swift */ = {isa = PBXFileReference; lastKnownFileType = sourcecode.swift; path = SearchView.swift; sourceTree = "<group>"; };
		F27887962CEEB5A100E66ED8 /* FireDispatchListRow.swift */ = {isa = PBXFileReference; lastKnownFileType = sourcecode.swift; path = FireDispatchListRow.swift; sourceTree = "<group>"; };
		F27887982CEEB5D300E66ED8 /* TextFeild+Ex.swift */ = {isa = PBXFileReference; lastKnownFileType = sourcecode.swift; path = "TextFeild+Ex.swift"; sourceTree = "<group>"; };
		F278879A2CEEB62300E66ED8 /* UIApplication+Ex.swift */ = {isa = PBXFileReference; lastKnownFileType = sourcecode.swift; path = "UIApplication+Ex.swift"; sourceTree = "<group>"; };
		F27887A02CEEB88F00E66ED8 /* FireDispatchFeature.swift */ = {isa = PBXFileReference; lastKnownFileType = sourcecode.swift; path = FireDispatchFeature.swift; sourceTree = "<group>"; };
		F27887A32CEEBA9D00E66ED8 /* AlertState+Ex.swift */ = {isa = PBXFileReference; lastKnownFileType = sourcecode.swift; path = "AlertState+Ex.swift"; sourceTree = "<group>"; };
		F27887A52CEEC8A900E66ED8 /* SearchFeature.swift */ = {isa = PBXFileReference; lastKnownFileType = sourcecode.swift; path = SearchFeature.swift; sourceTree = "<group>"; };
		F27887A72CEEEA0300E66ED8 /* Date+Ex.swift */ = {isa = PBXFileReference; lastKnownFileType = sourcecode.swift; path = "Date+Ex.swift"; sourceTree = "<group>"; };
		F27887AB2CEF0A0500E66ED8 /* GoogleService-Info.plist */ = {isa = PBXFileReference; lastKnownFileType = text.plist.xml; path = "GoogleService-Info.plist"; sourceTree = "<group>"; };
		F27887AC2CEF1A3D00E66ED8 /* FireDispatchStatusApp.entitlements */ = {isa = PBXFileReference; lastKnownFileType = text.plist.entitlements; path = FireDispatchStatusApp.entitlements; sourceTree = "<group>"; };
		F28B0EF82CEDA7D000F8CEA5 /* FireDispatchStatusApp.app */ = {isa = PBXFileReference; explicitFileType = wrapper.application; includeInIndex = 0; path = FireDispatchStatusApp.app; sourceTree = BUILT_PRODUCTS_DIR; };
		F28B0EFB2CEDA7D000F8CEA5 /* FireDispatchStatusAppApp.swift */ = {isa = PBXFileReference; lastKnownFileType = sourcecode.swift; path = FireDispatchStatusAppApp.swift; sourceTree = "<group>"; };
		F28B0EFD2CEDA7D000F8CEA5 /* FireDispatchView.swift */ = {isa = PBXFileReference; lastKnownFileType = sourcecode.swift; path = FireDispatchView.swift; sourceTree = "<group>"; };
		F28B0EFF2CEDA7D200F8CEA5 /* Assets.xcassets */ = {isa = PBXFileReference; lastKnownFileType = folder.assetcatalog; path = Assets.xcassets; sourceTree = "<group>"; };
		F28B0F022CEDA7D200F8CEA5 /* Preview Assets.xcassets */ = {isa = PBXFileReference; lastKnownFileType = folder.assetcatalog; path = "Preview Assets.xcassets"; sourceTree = "<group>"; };
		F2A4E4202CF3EC6100C6364E /* FireStationModel.swift */ = {isa = PBXFileReference; lastKnownFileType = sourcecode.swift; path = FireStationModel.swift; sourceTree = "<group>"; };
		F2A4E4262CF6AD3800C6364E /* FilterView.swift */ = {isa = PBXFileReference; lastKnownFileType = sourcecode.swift; path = FilterView.swift; sourceTree = "<group>"; };
		F2A4E42D2CF6CE9400C6364E /* FilterFeature.swift */ = {isa = PBXFileReference; lastKnownFileType = sourcecode.swift; path = FilterFeature.swift; sourceTree = "<group>"; };
		F2A4E42F2CF6E53100C6364E /* FireDispatchHeaderView.swift */ = {isa = PBXFileReference; lastKnownFileType = sourcecode.swift; path = FireDispatchHeaderView.swift; sourceTree = "<group>"; };
		F2A4E4312CF6F13300C6364E /* FireDispatchHeaderFeature.swift */ = {isa = PBXFileReference; lastKnownFileType = sourcecode.swift; path = FireDispatchHeaderFeature.swift; sourceTree = "<group>"; };
		F2B626FB2CF065B100E00B24 /* FCMModel.swift */ = {isa = PBXFileReference; lastKnownFileType = sourcecode.swift; path = FCMModel.swift; sourceTree = "<group>"; };
		F2EAE4A22CF7061800FF690E /* TutorialView.swift */ = {isa = PBXFileReference; lastKnownFileType = sourcecode.swift; path = TutorialView.swift; sourceTree = "<group>"; };
		F2EAE4A52CF7DF3500FF690E /* MoreView.swift */ = {isa = PBXFileReference; lastKnownFileType = sourcecode.swift; path = MoreView.swift; sourceTree = "<group>"; };
		F2EAE4A72CF7EB6700FF690E /* MailView.swift */ = {isa = PBXFileReference; lastKnownFileType = sourcecode.swift; path = MailView.swift; sourceTree = "<group>"; };
		F2EE40262CEDB2CB00C87804 /* .swiftlint.yml */ = {isa = PBXFileReference; lastKnownFileType = text.yaml; path = .swiftlint.yml; sourceTree = "<group>"; };
		F2EE402B2CEDBEB500C87804 /* NetworkError.swift */ = {isa = PBXFileReference; lastKnownFileType = sourcecode.swift; path = NetworkError.swift; sourceTree = "<group>"; };
		F2EE402D2CEDBEDB00C87804 /* HTTPMethod.swift */ = {isa = PBXFileReference; lastKnownFileType = sourcecode.swift; path = HTTPMethod.swift; sourceTree = "<group>"; };
		F2EE402F2CEDBF0500C87804 /* NetworkRequest.swift */ = {isa = PBXFileReference; lastKnownFileType = sourcecode.swift; path = NetworkRequest.swift; sourceTree = "<group>"; };
		F2EE40312CEDBF5C00C87804 /* NetworkService.swift */ = {isa = PBXFileReference; lastKnownFileType = sourcecode.swift; path = NetworkService.swift; sourceTree = "<group>"; };
		F2EE40372CEDC21A00C87804 /* String+Ex.swift */ = {isa = PBXFileReference; lastKnownFileType = sourcecode.swift; path = "String+Ex.swift"; sourceTree = "<group>"; };
		F2EE403A2CEDC2F900C87804 /* FireDispatchListRequest.swift */ = {isa = PBXFileReference; lastKnownFileType = sourcecode.swift; path = FireDispatchListRequest.swift; sourceTree = "<group>"; };
		F2EE403D2CEDC31A00C87804 /* FireDispatchModel.swift */ = {isa = PBXFileReference; lastKnownFileType = sourcecode.swift; path = FireDispatchModel.swift; sourceTree = "<group>"; };
		F2EE403F2CEDC73200C87804 /* Info.plist */ = {isa = PBXFileReference; lastKnownFileType = text.plist; path = Info.plist; sourceTree = "<group>"; };
/* End PBXFileReference section */

/* Begin PBXFrameworksBuildPhase section */
		F28B0EF52CEDA7D000F8CEA5 /* Frameworks */ = {
			isa = PBXFrameworksBuildPhase;
			buildActionMask = 2147483647;
			files = (
				F27887AF2CEF1B9400E66ED8 /* FirebaseAnalytics in Frameworks */,
				F27887C52CEF1B9400E66ED8 /* FirebaseFirestore in Frameworks */,
				F27887B12CEF1B9400E66ED8 /* FirebaseAnalyticsOnDeviceConversion in Frameworks */,
				F27887CF2CEF1B9400E66ED8 /* FirebaseInstallations in Frameworks */,
				F2EE40192CEDAD5F00C87804 /* ComposableArchitecture in Frameworks */,
				F27887B52CEF1B9400E66ED8 /* FirebaseAppCheck in Frameworks */,
				F27887CD2CEF1B9400E66ED8 /* FirebaseInAppMessaging-Beta in Frameworks */,
				F27887B32CEF1B9400E66ED8 /* FirebaseAnalyticsWithoutAdIdSupport in Frameworks */,
				F27887B92CEF1B9400E66ED8 /* FirebaseAuth in Frameworks */,
				F27887CB2CEF1B9400E66ED8 /* FirebaseFunctionsCombine-Community in Frameworks */,
				F27887DB2CEF1B9400E66ED8 /* FirebaseStorageCombine-Community in Frameworks */,
				F27887B72CEF1B9400E66ED8 /* FirebaseAppDistribution-Beta in Frameworks */,
				F27887DD2CEF1B9400E66ED8 /* FirebaseVertexAI in Frameworks */,
				F27887D92CEF1B9400E66ED8 /* FirebaseStorage in Frameworks */,
				F27887D72CEF1B9400E66ED8 /* FirebaseRemoteConfig in Frameworks */,
				F27887BF2CEF1B9400E66ED8 /* FirebaseCrashlytics in Frameworks */,
				F27887D32CEF1B9400E66ED8 /* FirebaseMessaging in Frameworks */,
				F27887D12CEF1B9400E66ED8 /* FirebaseMLModelDownloader in Frameworks */,
				F27887D52CEF1B9400E66ED8 /* FirebasePerformance in Frameworks */,
				F27887C12CEF1B9400E66ED8 /* FirebaseDatabase in Frameworks */,
				F27887BD2CEF1B9400E66ED8 /* FirebaseCore in Frameworks */,
				F27887BB2CEF1B9400E66ED8 /* FirebaseAuthCombine-Community in Frameworks */,
				F27887C92CEF1B9400E66ED8 /* FirebaseFunctions in Frameworks */,
				F27887C32CEF1B9400E66ED8 /* FirebaseDynamicLinks in Frameworks */,
				F27887C72CEF1B9400E66ED8 /* FirebaseFirestoreCombine-Community in Frameworks */,
			);
			runOnlyForDeploymentPostprocessing = 0;
		};
/* End PBXFrameworksBuildPhase section */

/* Begin PBXGroup section */
		F21F0BAC2CF012DB00274324 /* Managers */ = {
			isa = PBXGroup;
			children = (
				F22C19392CF022D800BCFCB7 /* SwiftData */,
				F21F0BAF2CF015C400274324 /* DeviceID */,
			);
			path = Managers;
			sourceTree = "<group>";
		};
		F21F0BAF2CF015C400274324 /* DeviceID */ = {
			isa = PBXGroup;
			children = (
				F21F0BAD2CF012EA00274324 /* DeviceIDManager.swift */,
			);
			path = DeviceID;
			sourceTree = "<group>";
		};
		F22C19392CF022D800BCFCB7 /* SwiftData */ = {
			isa = PBXGroup;
			children = (
				F22C193B2CF023AB00BCFCB7 /* SwiftDataManager.swift */,
				F22C193A2CF022E000BCFCB7 /* Model */,
			);
			path = SwiftData;
			sourceTree = "<group>";
		};
		F22C193A2CF022E000BCFCB7 /* Model */ = {
			isa = PBXGroup;
			children = (
				F22C19372CF021B700BCFCB7 /* PushData.swift */,
			);
			path = Model;
			sourceTree = "<group>";
		};
		F22C193D2CF0325600BCFCB7 /* PushSetting */ = {
			isa = PBXGroup;
			children = (
				F2A4E41F2CF3EC4F00C6364E /* Model */,
				F22C19452CF03C8900BCFCB7 /* Feature */,
				F22C19442CF03C8400BCFCB7 /* View */,
			);
			path = PushSetting;
			sourceTree = "<group>";
		};
		F22C19442CF03C8400BCFCB7 /* View */ = {
			isa = PBXGroup;
			children = (
				F22C193E2CF0326800BCFCB7 /* PushSettingView.swift */,
			);
			path = View;
			sourceTree = "<group>";
		};
		F22C19452CF03C8900BCFCB7 /* Feature */ = {
			isa = PBXGroup;
			children = (
				F22C19462CF03C9700BCFCB7 /* PushSettingFeature.swift */,
			);
			path = Feature;
			sourceTree = "<group>";
		};
		F278878E2CEEB44E00E66ED8 /* Modules */ = {
			isa = PBXGroup;
			children = (
				F2A4E4282CF6B60E00C6364E /* Common */,
				F2EAE4A12CF7060A00FF690E /* Tutorial */,
				F27887902CEEB46700E66ED8 /* FireDispatch */,
				F22C193D2CF0325600BCFCB7 /* PushSetting */,
				F2EAE4A42CF7DF1F00FF690E /* MoreView */,
			);
			path = Modules;
			sourceTree = "<group>";
		};
		F278878F2CEEB45800E66ED8 /* App */ = {
			isa = PBXGroup;
			children = (
				F28B0EFB2CEDA7D000F8CEA5 /* FireDispatchStatusAppApp.swift */,
			);
			path = App;
			sourceTree = "<group>";
		};
		F27887902CEEB46700E66ED8 /* FireDispatch */ = {
			isa = PBXGroup;
			children = (
				F278879F2CEEB88200E66ED8 /* Feature */,
				F27887922CEEB50C00E66ED8 /* View */,
			);
			path = FireDispatch;
			sourceTree = "<group>";
		};
		F27887912CEEB47200E66ED8 /* Resources */ = {
			isa = PBXGroup;
			children = (
				F28B0F012CEDA7D200F8CEA5 /* Preview Content */,
				F28B0EFF2CEDA7D200F8CEA5 /* Assets.xcassets */,
				F22C19402CF0348300BCFCB7 /* FireStationList.json */,
			);
			path = Resources;
			sourceTree = "<group>";
		};
		F27887922CEEB50C00E66ED8 /* View */ = {
			isa = PBXGroup;
			children = (
				F28B0EFD2CEDA7D000F8CEA5 /* FireDispatchView.swift */,
				F2A4E42F2CF6E53100C6364E /* FireDispatchHeaderView.swift */,
				F27887962CEEB5A100E66ED8 /* FireDispatchListRow.swift */,
			);
			path = View;
			sourceTree = "<group>";
		};
		F278879C2CEEB63B00E66ED8 /* Type */ = {
			isa = PBXGroup;
			children = (
				F2EE40372CEDC21A00C87804 /* String+Ex.swift */,
				F27887A72CEEEA0300E66ED8 /* Date+Ex.swift */,
			);
			path = Type;
			sourceTree = "<group>";
		};
		F278879D2CEEB65A00E66ED8 /* SwiftUI */ = {
			isa = PBXGroup;
			children = (
				F27887982CEEB5D300E66ED8 /* TextFeild+Ex.swift */,
				F22C19422CF03BB800BCFCB7 /* Color+Ex.swift */,
			);
			path = SwiftUI;
			sourceTree = "<group>";
		};
		F278879E2CEEB65F00E66ED8 /* UIKit */ = {
			isa = PBXGroup;
			children = (
				F278879A2CEEB62300E66ED8 /* UIApplication+Ex.swift */,
			);
			path = UIKit;
			sourceTree = "<group>";
		};
		F278879F2CEEB88200E66ED8 /* Feature */ = {
			isa = PBXGroup;
			children = (
				F27887A02CEEB88F00E66ED8 /* FireDispatchFeature.swift */,
				F2A4E4312CF6F13300C6364E /* FireDispatchHeaderFeature.swift */,
			);
			path = Feature;
			sourceTree = "<group>";
		};
		F27887A22CEEBA9100E66ED8 /* TCA */ = {
			isa = PBXGroup;
			children = (
				F27887A32CEEBA9D00E66ED8 /* AlertState+Ex.swift */,
			);
			path = TCA;
			sourceTree = "<group>";
		};
		F28B0EEF2CEDA7D000F8CEA5 = {
			isa = PBXGroup;
			children = (
				F2EE40262CEDB2CB00C87804 /* .swiftlint.yml */,
				F28B0EFA2CEDA7D000F8CEA5 /* FireDispatchStatusApp */,
				F28B0EF92CEDA7D000F8CEA5 /* Products */,
			);
			sourceTree = "<group>";
		};
		F28B0EF92CEDA7D000F8CEA5 /* Products */ = {
			isa = PBXGroup;
			children = (
				F28B0EF82CEDA7D000F8CEA5 /* FireDispatchStatusApp.app */,
			);
			name = Products;
			sourceTree = "<group>";
		};
		F28B0EFA2CEDA7D000F8CEA5 /* FireDispatchStatusApp */ = {
			isa = PBXGroup;
			children = (
				F27887AC2CEF1A3D00E66ED8 /* FireDispatchStatusApp.entitlements */,
				F27887AB2CEF0A0500E66ED8 /* GoogleService-Info.plist */,
				F2EE403F2CEDC73200C87804 /* Info.plist */,
				F27887912CEEB47200E66ED8 /* Resources */,
				F278878F2CEEB45800E66ED8 /* App */,
				F2EE40362CEDC20E00C87804 /* Extensions */,
				F21F0BAC2CF012DB00274324 /* Managers */,
				F2EE40292CEDBE2600C87804 /* Services */,
				F278878E2CEEB44E00E66ED8 /* Modules */,
			);
			path = FireDispatchStatusApp;
			sourceTree = "<group>";
		};
		F28B0F012CEDA7D200F8CEA5 /* Preview Content */ = {
			isa = PBXGroup;
			children = (
				F28B0F022CEDA7D200F8CEA5 /* Preview Assets.xcassets */,
			);
			path = "Preview Content";
			sourceTree = "<group>";
		};
		F2A4E41F2CF3EC4F00C6364E /* Model */ = {
			isa = PBXGroup;
			children = (
				F2A4E4202CF3EC6100C6364E /* FireStationModel.swift */,
			);
			path = Model;
			sourceTree = "<group>";
		};
		F2A4E4282CF6B60E00C6364E /* Common */ = {
			isa = PBXGroup;
			children = (
				F2A4E42B2CF6B62200C6364E /* Filter */,
				F2A4E42C2CF6B63400C6364E /* Search */,
			);
			path = Common;
			sourceTree = "<group>";
		};
		F2A4E42B2CF6B62200C6364E /* Filter */ = {
			isa = PBXGroup;
			children = (
				F2A4E4262CF6AD3800C6364E /* FilterView.swift */,
				F2A4E42D2CF6CE9400C6364E /* FilterFeature.swift */,
			);
			path = Filter;
			sourceTree = "<group>";
		};
		F2A4E42C2CF6B63400C6364E /* Search */ = {
			isa = PBXGroup;
			children = (
				F27887942CEEB55700E66ED8 /* SearchView.swift */,
				F27887A52CEEC8A900E66ED8 /* SearchFeature.swift */,
			);
			path = Search;
			sourceTree = "<group>";
		};
		F2EAE4A12CF7060A00FF690E /* Tutorial */ = {
			isa = PBXGroup;
			children = (
				F2EAE4A22CF7061800FF690E /* TutorialView.swift */,
			);
			path = Tutorial;
			sourceTree = "<group>";
		};
		F2EAE4A42CF7DF1F00FF690E /* MoreView */ = {
			isa = PBXGroup;
			children = (
				F2EAE4A52CF7DF3500FF690E /* MoreView.swift */,
				F2EAE4A72CF7EB6700FF690E /* MailView.swift */,
			);
			path = MoreView;
			sourceTree = "<group>";
		};
		F2EE40292CEDBE2600C87804 /* Services */ = {
			isa = PBXGroup;
			children = (
				F2EE402A2CEDBE2A00C87804 /* Network */,
			);
			path = Services;
			sourceTree = "<group>";
		};
		F2EE402A2CEDBE2A00C87804 /* Network */ = {
			isa = PBXGroup;
			children = (
				F2EE40312CEDBF5C00C87804 /* NetworkService.swift */,
				F2EE402B2CEDBEB500C87804 /* NetworkError.swift */,
				F2EE402D2CEDBEDB00C87804 /* HTTPMethod.swift */,
				F2EE40392CEDC2DD00C87804 /* Request */,
				F2EE403C2CEDC31000C87804 /* Model */,
			);
			path = Network;
			sourceTree = "<group>";
		};
		F2EE40362CEDC20E00C87804 /* Extensions */ = {
			isa = PBXGroup;
			children = (
				F27887A22CEEBA9100E66ED8 /* TCA */,
				F278879E2CEEB65F00E66ED8 /* UIKit */,
				F278879D2CEEB65A00E66ED8 /* SwiftUI */,
				F278879C2CEEB63B00E66ED8 /* Type */,
			);
			path = Extensions;
			sourceTree = "<group>";
		};
		F2EE40392CEDC2DD00C87804 /* Request */ = {
			isa = PBXGroup;
			children = (
				F2EE402F2CEDBF0500C87804 /* NetworkRequest.swift */,
				F2EE403A2CEDC2F900C87804 /* FireDispatchListRequest.swift */,
				F21F0BA92CF00D6700274324 /* FCMRequest.swift */,
			);
			path = Request;
			sourceTree = "<group>";
		};
		F2EE403C2CEDC31000C87804 /* Model */ = {
			isa = PBXGroup;
			children = (
				F2EE403D2CEDC31A00C87804 /* FireDispatchModel.swift */,
				F2B626FB2CF065B100E00B24 /* FCMModel.swift */,
			);
			path = Model;
			sourceTree = "<group>";
		};
/* End PBXGroup section */

/* Begin PBXNativeTarget section */
		F28B0EF72CEDA7D000F8CEA5 /* FireDispatchStatusApp */ = {
			isa = PBXNativeTarget;
			buildConfigurationList = F28B0F062CEDA7D200F8CEA5 /* Build configuration list for PBXNativeTarget "FireDispatchStatusApp" */;
			buildPhases = (
				F28B0EF42CEDA7D000F8CEA5 /* Sources */,
				F28B0EF52CEDA7D000F8CEA5 /* Frameworks */,
				F28B0EF62CEDA7D000F8CEA5 /* Resources */,
			);
			buildRules = (
			);
			dependencies = (
				F2EE40252CEDB29A00C87804 /* PBXTargetDependency */,
			);
			name = FireDispatchStatusApp;
			packageProductDependencies = (
				F2EE40182CEDAD5F00C87804 /* ComposableArchitecture */,
				F27887AE2CEF1B9400E66ED8 /* FirebaseAnalytics */,
				F27887B02CEF1B9400E66ED8 /* FirebaseAnalyticsOnDeviceConversion */,
				F27887B22CEF1B9400E66ED8 /* FirebaseAnalyticsWithoutAdIdSupport */,
				F27887B42CEF1B9400E66ED8 /* FirebaseAppCheck */,
				F27887B62CEF1B9400E66ED8 /* FirebaseAppDistribution-Beta */,
				F27887B82CEF1B9400E66ED8 /* FirebaseAuth */,
				F27887BA2CEF1B9400E66ED8 /* FirebaseAuthCombine-Community */,
				F27887BC2CEF1B9400E66ED8 /* FirebaseCore */,
				F27887BE2CEF1B9400E66ED8 /* FirebaseCrashlytics */,
				F27887C02CEF1B9400E66ED8 /* FirebaseDatabase */,
				F27887C22CEF1B9400E66ED8 /* FirebaseDynamicLinks */,
				F27887C42CEF1B9400E66ED8 /* FirebaseFirestore */,
				F27887C62CEF1B9400E66ED8 /* FirebaseFirestoreCombine-Community */,
				F27887C82CEF1B9400E66ED8 /* FirebaseFunctions */,
				F27887CA2CEF1B9400E66ED8 /* FirebaseFunctionsCombine-Community */,
				F27887CC2CEF1B9400E66ED8 /* FirebaseInAppMessaging-Beta */,
				F27887CE2CEF1B9400E66ED8 /* FirebaseInstallations */,
				F27887D02CEF1B9400E66ED8 /* FirebaseMLModelDownloader */,
				F27887D22CEF1B9400E66ED8 /* FirebaseMessaging */,
				F27887D42CEF1B9400E66ED8 /* FirebasePerformance */,
				F27887D62CEF1B9400E66ED8 /* FirebaseRemoteConfig */,
				F27887D82CEF1B9400E66ED8 /* FirebaseStorage */,
				F27887DA2CEF1B9400E66ED8 /* FirebaseStorageCombine-Community */,
				F27887DC2CEF1B9400E66ED8 /* FirebaseVertexAI */,
			);
			productName = FireDispatchStatusApp;
			productReference = F28B0EF82CEDA7D000F8CEA5 /* FireDispatchStatusApp.app */;
			productType = "com.apple.product-type.application";
		};
/* End PBXNativeTarget section */

/* Begin PBXProject section */
		F28B0EF02CEDA7D000F8CEA5 /* Project object */ = {
			isa = PBXProject;
			attributes = {
				BuildIndependentTargetsInParallel = 1;
				LastSwiftUpdateCheck = 1530;
				LastUpgradeCheck = 1530;
				TargetAttributes = {
					F28B0EF72CEDA7D000F8CEA5 = {
						CreatedOnToolsVersion = 15.3;
					};
				};
			};
			buildConfigurationList = F28B0EF32CEDA7D000F8CEA5 /* Build configuration list for PBXProject "FireDispatchStatusApp" */;
			compatibilityVersion = "Xcode 14.0";
			developmentRegion = en;
			hasScannedForEncodings = 0;
			knownRegions = (
				en,
				Base,
			);
			mainGroup = F28B0EEF2CEDA7D000F8CEA5;
			packageReferences = (
				F2EE40172CEDAD5F00C87804 /* XCRemoteSwiftPackageReference "swift-composable-architecture" */,
				F2EE40232CEDB23300C87804 /* XCRemoteSwiftPackageReference "SwiftLint" */,
				F27887AD2CEF1B9400E66ED8 /* XCRemoteSwiftPackageReference "firebase-ios-sdk" */,
			);
			productRefGroup = F28B0EF92CEDA7D000F8CEA5 /* Products */;
			projectDirPath = "";
			projectRoot = "";
			targets = (
				F28B0EF72CEDA7D000F8CEA5 /* FireDispatchStatusApp */,
			);
		};
/* End PBXProject section */

/* Begin PBXResourcesBuildPhase section */
		F28B0EF62CEDA7D000F8CEA5 /* Resources */ = {
			isa = PBXResourcesBuildPhase;
			buildActionMask = 2147483647;
			files = (
				F22C19412CF0348300BCFCB7 /* FireStationList.json in Resources */,
				F2EE40272CEDB2CB00C87804 /* .swiftlint.yml in Resources */,
				F27887DE2CEF1CDC00E66ED8 /* GoogleService-Info.plist in Resources */,
				F28B0F032CEDA7D200F8CEA5 /* Preview Assets.xcassets in Resources */,
				F28B0F002CEDA7D200F8CEA5 /* Assets.xcassets in Resources */,
			);
			runOnlyForDeploymentPostprocessing = 0;
		};
/* End PBXResourcesBuildPhase section */

/* Begin PBXSourcesBuildPhase section */
		F28B0EF42CEDA7D000F8CEA5 /* Sources */ = {
			isa = PBXSourcesBuildPhase;
			buildActionMask = 2147483647;
			files = (
				F2A4E4212CF3EC6100C6364E /* FireStationModel.swift in Sources */,
				F2EE402E2CEDBEDB00C87804 /* HTTPMethod.swift in Sources */,
				F2EE40382CEDC21A00C87804 /* String+Ex.swift in Sources */,
				F2EE403E2CEDC31A00C87804 /* FireDispatchModel.swift in Sources */,
				F2EAE4A82CF7EB6700FF690E /* MailView.swift in Sources */,
				F21F0BAE2CF012EA00274324 /* DeviceIDManager.swift in Sources */,
				F2EE402C2CEDBEB500C87804 /* NetworkError.swift in Sources */,
				F27887952CEEB55700E66ED8 /* SearchView.swift in Sources */,
				F2A4E4322CF6F13300C6364E /* FireDispatchHeaderFeature.swift in Sources */,
				F2A4E4302CF6E53100C6364E /* FireDispatchHeaderView.swift in Sources */,
				F28B0EFE2CEDA7D000F8CEA5 /* FireDispatchView.swift in Sources */,
				F2A4E4272CF6AD3800C6364E /* FilterView.swift in Sources */,
				F28B0EFC2CEDA7D000F8CEA5 /* FireDispatchStatusAppApp.swift in Sources */,
				F27887A62CEEC8A900E66ED8 /* SearchFeature.swift in Sources */,
				F22C19382CF021B700BCFCB7 /* PushData.swift in Sources */,
				F2EE40322CEDBF5C00C87804 /* NetworkService.swift in Sources */,
				F2EAE4A32CF7061800FF690E /* TutorialView.swift in Sources */,
				F2EE40302CEDBF0500C87804 /* NetworkRequest.swift in Sources */,
				F21F0BAA2CF00D6700274324 /* FCMRequest.swift in Sources */,
				F22C19472CF03C9700BCFCB7 /* PushSettingFeature.swift in Sources */,
				F2A4E42E2CF6CE9400C6364E /* FilterFeature.swift in Sources */,
				F27887972CEEB5A100E66ED8 /* FireDispatchListRow.swift in Sources */,
				F27887A82CEEEA0300E66ED8 /* Date+Ex.swift in Sources */,
				F22C193F2CF0326800BCFCB7 /* PushSettingView.swift in Sources */,
				F2EAE4A62CF7DF3500FF690E /* MoreView.swift in Sources */,
				F22C193C2CF023AB00BCFCB7 /* SwiftDataManager.swift in Sources */,
				F22C19432CF03BB800BCFCB7 /* Color+Ex.swift in Sources */,
				F27887992CEEB5D300E66ED8 /* TextFeild+Ex.swift in Sources */,
				F2EE403B2CEDC2F900C87804 /* FireDispatchListRequest.swift in Sources */,
				F27887A12CEEB88F00E66ED8 /* FireDispatchFeature.swift in Sources */,
				F2B626FC2CF065B100E00B24 /* FCMModel.swift in Sources */,
				F278879B2CEEB62300E66ED8 /* UIApplication+Ex.swift in Sources */,
				F27887A42CEEBA9D00E66ED8 /* AlertState+Ex.swift in Sources */,
			);
			runOnlyForDeploymentPostprocessing = 0;
		};
/* End PBXSourcesBuildPhase section */

/* Begin PBXTargetDependency section */
		F2EE40252CEDB29A00C87804 /* PBXTargetDependency */ = {
			isa = PBXTargetDependency;
			productRef = F2EE40242CEDB29A00C87804 /* SwiftLintBuildToolPlugin */;
		};
/* End PBXTargetDependency section */

/* Begin XCBuildConfiguration section */
		F28B0F042CEDA7D200F8CEA5 /* Debug */ = {
			isa = XCBuildConfiguration;
			buildSettings = {
				ALWAYS_SEARCH_USER_PATHS = NO;
				ASSETCATALOG_COMPILER_GENERATE_SWIFT_ASSET_SYMBOL_EXTENSIONS = YES;
				CLANG_ANALYZER_NONNULL = YES;
				CLANG_ANALYZER_NUMBER_OBJECT_CONVERSION = YES_AGGRESSIVE;
				CLANG_CXX_LANGUAGE_STANDARD = "gnu++20";
				CLANG_ENABLE_MODULES = YES;
				CLANG_ENABLE_OBJC_ARC = YES;
				CLANG_ENABLE_OBJC_WEAK = YES;
				CLANG_WARN_BLOCK_CAPTURE_AUTORELEASING = YES;
				CLANG_WARN_BOOL_CONVERSION = YES;
				CLANG_WARN_COMMA = YES;
				CLANG_WARN_CONSTANT_CONVERSION = YES;
				CLANG_WARN_DEPRECATED_OBJC_IMPLEMENTATIONS = YES;
				CLANG_WARN_DIRECT_OBJC_ISA_USAGE = YES_ERROR;
				CLANG_WARN_DOCUMENTATION_COMMENTS = YES;
				CLANG_WARN_EMPTY_BODY = YES;
				CLANG_WARN_ENUM_CONVERSION = YES;
				CLANG_WARN_INFINITE_RECURSION = YES;
				CLANG_WARN_INT_CONVERSION = YES;
				CLANG_WARN_NON_LITERAL_NULL_CONVERSION = YES;
				CLANG_WARN_OBJC_IMPLICIT_RETAIN_SELF = YES;
				CLANG_WARN_OBJC_LITERAL_CONVERSION = YES;
				CLANG_WARN_OBJC_ROOT_CLASS = YES_ERROR;
				CLANG_WARN_QUOTED_INCLUDE_IN_FRAMEWORK_HEADER = YES;
				CLANG_WARN_RANGE_LOOP_ANALYSIS = YES;
				CLANG_WARN_STRICT_PROTOTYPES = YES;
				CLANG_WARN_SUSPICIOUS_MOVE = YES;
				CLANG_WARN_UNGUARDED_AVAILABILITY = YES_AGGRESSIVE;
				CLANG_WARN_UNREACHABLE_CODE = YES;
				CLANG_WARN__DUPLICATE_METHOD_MATCH = YES;
				COPY_PHASE_STRIP = NO;
				DEBUG_INFORMATION_FORMAT = dwarf;
				ENABLE_STRICT_OBJC_MSGSEND = YES;
				ENABLE_TESTABILITY = YES;
				ENABLE_USER_SCRIPT_SANDBOXING = YES;
				GCC_C_LANGUAGE_STANDARD = gnu17;
				GCC_DYNAMIC_NO_PIC = NO;
				GCC_NO_COMMON_BLOCKS = YES;
				GCC_OPTIMIZATION_LEVEL = 0;
				GCC_PREPROCESSOR_DEFINITIONS = (
					"DEBUG=1",
					"$(inherited)",
				);
				GCC_WARN_64_TO_32_BIT_CONVERSION = YES;
				GCC_WARN_ABOUT_RETURN_TYPE = YES_ERROR;
				GCC_WARN_UNDECLARED_SELECTOR = YES;
				GCC_WARN_UNINITIALIZED_AUTOS = YES_AGGRESSIVE;
				GCC_WARN_UNUSED_FUNCTION = YES;
				GCC_WARN_UNUSED_VARIABLE = YES;
				IPHONEOS_DEPLOYMENT_TARGET = 17.4;
				LOCALIZATION_PREFERS_STRING_CATALOGS = YES;
				MTL_ENABLE_DEBUG_INFO = INCLUDE_SOURCE;
				MTL_FAST_MATH = YES;
				ONLY_ACTIVE_ARCH = YES;
				SDKROOT = iphoneos;
				SWIFT_ACTIVE_COMPILATION_CONDITIONS = "DEBUG $(inherited)";
				SWIFT_OPTIMIZATION_LEVEL = "-Onone";
			};
			name = Debug;
		};
		F28B0F052CEDA7D200F8CEA5 /* Release */ = {
			isa = XCBuildConfiguration;
			buildSettings = {
				ALWAYS_SEARCH_USER_PATHS = NO;
				ASSETCATALOG_COMPILER_GENERATE_SWIFT_ASSET_SYMBOL_EXTENSIONS = YES;
				CLANG_ANALYZER_NONNULL = YES;
				CLANG_ANALYZER_NUMBER_OBJECT_CONVERSION = YES_AGGRESSIVE;
				CLANG_CXX_LANGUAGE_STANDARD = "gnu++20";
				CLANG_ENABLE_MODULES = YES;
				CLANG_ENABLE_OBJC_ARC = YES;
				CLANG_ENABLE_OBJC_WEAK = YES;
				CLANG_WARN_BLOCK_CAPTURE_AUTORELEASING = YES;
				CLANG_WARN_BOOL_CONVERSION = YES;
				CLANG_WARN_COMMA = YES;
				CLANG_WARN_CONSTANT_CONVERSION = YES;
				CLANG_WARN_DEPRECATED_OBJC_IMPLEMENTATIONS = YES;
				CLANG_WARN_DIRECT_OBJC_ISA_USAGE = YES_ERROR;
				CLANG_WARN_DOCUMENTATION_COMMENTS = YES;
				CLANG_WARN_EMPTY_BODY = YES;
				CLANG_WARN_ENUM_CONVERSION = YES;
				CLANG_WARN_INFINITE_RECURSION = YES;
				CLANG_WARN_INT_CONVERSION = YES;
				CLANG_WARN_NON_LITERAL_NULL_CONVERSION = YES;
				CLANG_WARN_OBJC_IMPLICIT_RETAIN_SELF = YES;
				CLANG_WARN_OBJC_LITERAL_CONVERSION = YES;
				CLANG_WARN_OBJC_ROOT_CLASS = YES_ERROR;
				CLANG_WARN_QUOTED_INCLUDE_IN_FRAMEWORK_HEADER = YES;
				CLANG_WARN_RANGE_LOOP_ANALYSIS = YES;
				CLANG_WARN_STRICT_PROTOTYPES = YES;
				CLANG_WARN_SUSPICIOUS_MOVE = YES;
				CLANG_WARN_UNGUARDED_AVAILABILITY = YES_AGGRESSIVE;
				CLANG_WARN_UNREACHABLE_CODE = YES;
				CLANG_WARN__DUPLICATE_METHOD_MATCH = YES;
				COPY_PHASE_STRIP = NO;
				DEBUG_INFORMATION_FORMAT = "dwarf-with-dsym";
				ENABLE_NS_ASSERTIONS = NO;
				ENABLE_STRICT_OBJC_MSGSEND = YES;
				ENABLE_USER_SCRIPT_SANDBOXING = YES;
				GCC_C_LANGUAGE_STANDARD = gnu17;
				GCC_NO_COMMON_BLOCKS = YES;
				GCC_WARN_64_TO_32_BIT_CONVERSION = YES;
				GCC_WARN_ABOUT_RETURN_TYPE = YES_ERROR;
				GCC_WARN_UNDECLARED_SELECTOR = YES;
				GCC_WARN_UNINITIALIZED_AUTOS = YES_AGGRESSIVE;
				GCC_WARN_UNUSED_FUNCTION = YES;
				GCC_WARN_UNUSED_VARIABLE = YES;
				IPHONEOS_DEPLOYMENT_TARGET = 17.4;
				LOCALIZATION_PREFERS_STRING_CATALOGS = YES;
				MTL_ENABLE_DEBUG_INFO = NO;
				MTL_FAST_MATH = YES;
				SDKROOT = iphoneos;
				SWIFT_COMPILATION_MODE = wholemodule;
				VALIDATE_PRODUCT = YES;
			};
			name = Release;
		};
		F28B0F072CEDA7D200F8CEA5 /* Debug */ = {
			isa = XCBuildConfiguration;
			buildSettings = {
				ASSETCATALOG_COMPILER_ALTERNATE_APPICON_NAMES = "";
				ASSETCATALOG_COMPILER_APPICON_NAME = AppIcon;
				ASSETCATALOG_COMPILER_GLOBAL_ACCENT_COLOR_NAME = AccentColor;
				ASSETCATALOG_COMPILER_INCLUDE_ALL_APPICON_ASSETS = NO;
				CODE_SIGN_ENTITLEMENTS = FireDispatchStatusApp/FireDispatchStatusApp.entitlements;
				CODE_SIGN_STYLE = Automatic;
				CURRENT_PROJECT_VERSION = 1;
				DEVELOPMENT_ASSET_PATHS = "\"FireDispatchStatusApp/Resources/Preview Content\"";
				DEVELOPMENT_TEAM = L3L2WN7T88;
				ENABLE_PREVIEWS = YES;
				GENERATE_INFOPLIST_FILE = YES;
				INFOPLIST_FILE = FireDispatchStatusApp/Info.plist;
				INFOPLIST_KEY_CFBundleDisplayName = "화재 알리미";
				INFOPLIST_KEY_UIApplicationSceneManifest_Generation = YES;
				INFOPLIST_KEY_UIApplicationSupportsIndirectInputEvents = YES;
				INFOPLIST_KEY_UILaunchScreen_Generation = YES;
				INFOPLIST_KEY_UISupportedInterfaceOrientations_iPad = "UIInterfaceOrientationPortrait UIInterfaceOrientationPortraitUpsideDown UIInterfaceOrientationLandscapeLeft UIInterfaceOrientationLandscapeRight";
				INFOPLIST_KEY_UISupportedInterfaceOrientations_iPhone = "UIInterfaceOrientationPortrait UIInterfaceOrientationLandscapeLeft UIInterfaceOrientationLandscapeRight";
				LD_RUNPATH_SEARCH_PATHS = (
					"$(inherited)",
					"@executable_path/Frameworks",
				);
				MARKETING_VERSION = 1.0;
				PRODUCT_BUNDLE_IDENTIFIER = deokho.FireDispatchStatusApp.ios;
				PRODUCT_NAME = "$(TARGET_NAME)";
				SUPPORTED_PLATFORMS = "iphoneos iphonesimulator";
				SUPPORTS_MACCATALYST = NO;
				SUPPORTS_MAC_DESIGNED_FOR_IPHONE_IPAD = NO;
				SUPPORTS_XR_DESIGNED_FOR_IPHONE_IPAD = NO;
				SWIFT_EMIT_LOC_STRINGS = YES;
				SWIFT_VERSION = 5.0;
				TARGETED_DEVICE_FAMILY = 1;
			};
			name = Debug;
		};
		F28B0F082CEDA7D200F8CEA5 /* Release */ = {
			isa = XCBuildConfiguration;
			buildSettings = {
				ASSETCATALOG_COMPILER_ALTERNATE_APPICON_NAMES = "";
				ASSETCATALOG_COMPILER_APPICON_NAME = AppIcon;
				ASSETCATALOG_COMPILER_GLOBAL_ACCENT_COLOR_NAME = AccentColor;
				ASSETCATALOG_COMPILER_INCLUDE_ALL_APPICON_ASSETS = NO;
				CODE_SIGN_ENTITLEMENTS = FireDispatchStatusApp/FireDispatchStatusApp.entitlements;
				CODE_SIGN_STYLE = Automatic;
				CURRENT_PROJECT_VERSION = 1;
				DEVELOPMENT_ASSET_PATHS = "\"FireDispatchStatusApp/Resources/Preview Content\"";
				DEVELOPMENT_TEAM = L3L2WN7T88;
				ENABLE_PREVIEWS = YES;
				GENERATE_INFOPLIST_FILE = YES;
				INFOPLIST_FILE = FireDispatchStatusApp/Info.plist;
				INFOPLIST_KEY_CFBundleDisplayName = "화재 알리미";
				INFOPLIST_KEY_UIApplicationSceneManifest_Generation = YES;
				INFOPLIST_KEY_UIApplicationSupportsIndirectInputEvents = YES;
				INFOPLIST_KEY_UILaunchScreen_Generation = YES;
				INFOPLIST_KEY_UISupportedInterfaceOrientations_iPad = "UIInterfaceOrientationPortrait UIInterfaceOrientationPortraitUpsideDown UIInterfaceOrientationLandscapeLeft UIInterfaceOrientationLandscapeRight";
				INFOPLIST_KEY_UISupportedInterfaceOrientations_iPhone = "UIInterfaceOrientationPortrait UIInterfaceOrientationLandscapeLeft UIInterfaceOrientationLandscapeRight";
				LD_RUNPATH_SEARCH_PATHS = (
					"$(inherited)",
					"@executable_path/Frameworks",
				);
				MARKETING_VERSION = 1.0;
				PRODUCT_BUNDLE_IDENTIFIER = deokho.FireDispatchStatusApp.ios;
				PRODUCT_NAME = "$(TARGET_NAME)";
				SUPPORTED_PLATFORMS = "iphoneos iphonesimulator";
				SUPPORTS_MACCATALYST = NO;
				SUPPORTS_MAC_DESIGNED_FOR_IPHONE_IPAD = NO;
				SUPPORTS_XR_DESIGNED_FOR_IPHONE_IPAD = NO;
				SWIFT_EMIT_LOC_STRINGS = YES;
				SWIFT_VERSION = 5.0;
				TARGETED_DEVICE_FAMILY = 1;
			};
			name = Release;
		};
/* End XCBuildConfiguration section */

/* Begin XCConfigurationList section */
		F28B0EF32CEDA7D000F8CEA5 /* Build configuration list for PBXProject "FireDispatchStatusApp" */ = {
			isa = XCConfigurationList;
			buildConfigurations = (
				F28B0F042CEDA7D200F8CEA5 /* Debug */,
				F28B0F052CEDA7D200F8CEA5 /* Release */,
			);
			defaultConfigurationIsVisible = 0;
			defaultConfigurationName = Release;
		};
		F28B0F062CEDA7D200F8CEA5 /* Build configuration list for PBXNativeTarget "FireDispatchStatusApp" */ = {
			isa = XCConfigurationList;
			buildConfigurations = (
				F28B0F072CEDA7D200F8CEA5 /* Debug */,
				F28B0F082CEDA7D200F8CEA5 /* Release */,
			);
			defaultConfigurationIsVisible = 0;
			defaultConfigurationName = Release;
		};
/* End XCConfigurationList section */

/* Begin XCRemoteSwiftPackageReference section */
		F27887AD2CEF1B9400E66ED8 /* XCRemoteSwiftPackageReference "firebase-ios-sdk" */ = {
			isa = XCRemoteSwiftPackageReference;
			repositoryURL = "https://github.com/firebase/firebase-ios-sdk";
			requirement = {
				kind = upToNextMajorVersion;
				minimumVersion = 11.5.0;
			};
		};
		F2EE40172CEDAD5F00C87804 /* XCRemoteSwiftPackageReference "swift-composable-architecture" */ = {
			isa = XCRemoteSwiftPackageReference;
			repositoryURL = "https://github.com/pointfreeco/swift-composable-architecture.git";
			requirement = {
				kind = upToNextMajorVersion;
				minimumVersion = 1.16.1;
			};
		};
		F2EE40232CEDB23300C87804 /* XCRemoteSwiftPackageReference "SwiftLint" */ = {
			isa = XCRemoteSwiftPackageReference;
			repositoryURL = "https://github.com/realm/SwiftLint.git";
			requirement = {
				kind = upToNextMajorVersion;
				minimumVersion = 0.57.0;
			};
		};
/* End XCRemoteSwiftPackageReference section */

/* Begin XCSwiftPackageProductDependency section */
		F27887AE2CEF1B9400E66ED8 /* FirebaseAnalytics */ = {
			isa = XCSwiftPackageProductDependency;
			package = F27887AD2CEF1B9400E66ED8 /* XCRemoteSwiftPackageReference "firebase-ios-sdk" */;
			productName = FirebaseAnalytics;
		};
		F27887B02CEF1B9400E66ED8 /* FirebaseAnalyticsOnDeviceConversion */ = {
			isa = XCSwiftPackageProductDependency;
			package = F27887AD2CEF1B9400E66ED8 /* XCRemoteSwiftPackageReference "firebase-ios-sdk" */;
			productName = FirebaseAnalyticsOnDeviceConversion;
		};
		F27887B22CEF1B9400E66ED8 /* FirebaseAnalyticsWithoutAdIdSupport */ = {
			isa = XCSwiftPackageProductDependency;
			package = F27887AD2CEF1B9400E66ED8 /* XCRemoteSwiftPackageReference "firebase-ios-sdk" */;
			productName = FirebaseAnalyticsWithoutAdIdSupport;
		};
		F27887B42CEF1B9400E66ED8 /* FirebaseAppCheck */ = {
			isa = XCSwiftPackageProductDependency;
			package = F27887AD2CEF1B9400E66ED8 /* XCRemoteSwiftPackageReference "firebase-ios-sdk" */;
			productName = FirebaseAppCheck;
		};
		F27887B62CEF1B9400E66ED8 /* FirebaseAppDistribution-Beta */ = {
			isa = XCSwiftPackageProductDependency;
			package = F27887AD2CEF1B9400E66ED8 /* XCRemoteSwiftPackageReference "firebase-ios-sdk" */;
			productName = "FirebaseAppDistribution-Beta";
		};
		F27887B82CEF1B9400E66ED8 /* FirebaseAuth */ = {
			isa = XCSwiftPackageProductDependency;
			package = F27887AD2CEF1B9400E66ED8 /* XCRemoteSwiftPackageReference "firebase-ios-sdk" */;
			productName = FirebaseAuth;
		};
		F27887BA2CEF1B9400E66ED8 /* FirebaseAuthCombine-Community */ = {
			isa = XCSwiftPackageProductDependency;
			package = F27887AD2CEF1B9400E66ED8 /* XCRemoteSwiftPackageReference "firebase-ios-sdk" */;
			productName = "FirebaseAuthCombine-Community";
		};
		F27887BC2CEF1B9400E66ED8 /* FirebaseCore */ = {
			isa = XCSwiftPackageProductDependency;
			package = F27887AD2CEF1B9400E66ED8 /* XCRemoteSwiftPackageReference "firebase-ios-sdk" */;
			productName = FirebaseCore;
		};
		F27887BE2CEF1B9400E66ED8 /* FirebaseCrashlytics */ = {
			isa = XCSwiftPackageProductDependency;
			package = F27887AD2CEF1B9400E66ED8 /* XCRemoteSwiftPackageReference "firebase-ios-sdk" */;
			productName = FirebaseCrashlytics;
		};
		F27887C02CEF1B9400E66ED8 /* FirebaseDatabase */ = {
			isa = XCSwiftPackageProductDependency;
			package = F27887AD2CEF1B9400E66ED8 /* XCRemoteSwiftPackageReference "firebase-ios-sdk" */;
			productName = FirebaseDatabase;
		};
		F27887C22CEF1B9400E66ED8 /* FirebaseDynamicLinks */ = {
			isa = XCSwiftPackageProductDependency;
			package = F27887AD2CEF1B9400E66ED8 /* XCRemoteSwiftPackageReference "firebase-ios-sdk" */;
			productName = FirebaseDynamicLinks;
		};
		F27887C42CEF1B9400E66ED8 /* FirebaseFirestore */ = {
			isa = XCSwiftPackageProductDependency;
			package = F27887AD2CEF1B9400E66ED8 /* XCRemoteSwiftPackageReference "firebase-ios-sdk" */;
			productName = FirebaseFirestore;
		};
		F27887C62CEF1B9400E66ED8 /* FirebaseFirestoreCombine-Community */ = {
			isa = XCSwiftPackageProductDependency;
			package = F27887AD2CEF1B9400E66ED8 /* XCRemoteSwiftPackageReference "firebase-ios-sdk" */;
			productName = "FirebaseFirestoreCombine-Community";
		};
		F27887C82CEF1B9400E66ED8 /* FirebaseFunctions */ = {
			isa = XCSwiftPackageProductDependency;
			package = F27887AD2CEF1B9400E66ED8 /* XCRemoteSwiftPackageReference "firebase-ios-sdk" */;
			productName = FirebaseFunctions;
		};
		F27887CA2CEF1B9400E66ED8 /* FirebaseFunctionsCombine-Community */ = {
			isa = XCSwiftPackageProductDependency;
			package = F27887AD2CEF1B9400E66ED8 /* XCRemoteSwiftPackageReference "firebase-ios-sdk" */;
			productName = "FirebaseFunctionsCombine-Community";
		};
		F27887CC2CEF1B9400E66ED8 /* FirebaseInAppMessaging-Beta */ = {
			isa = XCSwiftPackageProductDependency;
			package = F27887AD2CEF1B9400E66ED8 /* XCRemoteSwiftPackageReference "firebase-ios-sdk" */;
			productName = "FirebaseInAppMessaging-Beta";
		};
		F27887CE2CEF1B9400E66ED8 /* FirebaseInstallations */ = {
			isa = XCSwiftPackageProductDependency;
			package = F27887AD2CEF1B9400E66ED8 /* XCRemoteSwiftPackageReference "firebase-ios-sdk" */;
			productName = FirebaseInstallations;
		};
		F27887D02CEF1B9400E66ED8 /* FirebaseMLModelDownloader */ = {
			isa = XCSwiftPackageProductDependency;
			package = F27887AD2CEF1B9400E66ED8 /* XCRemoteSwiftPackageReference "firebase-ios-sdk" */;
			productName = FirebaseMLModelDownloader;
		};
		F27887D22CEF1B9400E66ED8 /* FirebaseMessaging */ = {
			isa = XCSwiftPackageProductDependency;
			package = F27887AD2CEF1B9400E66ED8 /* XCRemoteSwiftPackageReference "firebase-ios-sdk" */;
			productName = FirebaseMessaging;
		};
		F27887D42CEF1B9400E66ED8 /* FirebasePerformance */ = {
			isa = XCSwiftPackageProductDependency;
			package = F27887AD2CEF1B9400E66ED8 /* XCRemoteSwiftPackageReference "firebase-ios-sdk" */;
			productName = FirebasePerformance;
		};
		F27887D62CEF1B9400E66ED8 /* FirebaseRemoteConfig */ = {
			isa = XCSwiftPackageProductDependency;
			package = F27887AD2CEF1B9400E66ED8 /* XCRemoteSwiftPackageReference "firebase-ios-sdk" */;
			productName = FirebaseRemoteConfig;
		};
		F27887D82CEF1B9400E66ED8 /* FirebaseStorage */ = {
			isa = XCSwiftPackageProductDependency;
			package = F27887AD2CEF1B9400E66ED8 /* XCRemoteSwiftPackageReference "firebase-ios-sdk" */;
			productName = FirebaseStorage;
		};
		F27887DA2CEF1B9400E66ED8 /* FirebaseStorageCombine-Community */ = {
			isa = XCSwiftPackageProductDependency;
			package = F27887AD2CEF1B9400E66ED8 /* XCRemoteSwiftPackageReference "firebase-ios-sdk" */;
			productName = "FirebaseStorageCombine-Community";
		};
		F27887DC2CEF1B9400E66ED8 /* FirebaseVertexAI */ = {
			isa = XCSwiftPackageProductDependency;
			package = F27887AD2CEF1B9400E66ED8 /* XCRemoteSwiftPackageReference "firebase-ios-sdk" */;
			productName = FirebaseVertexAI;
		};
		F2EE40182CEDAD5F00C87804 /* ComposableArchitecture */ = {
			isa = XCSwiftPackageProductDependency;
			package = F2EE40172CEDAD5F00C87804 /* XCRemoteSwiftPackageReference "swift-composable-architecture" */;
			productName = ComposableArchitecture;
		};
		F2EE40242CEDB29A00C87804 /* SwiftLintBuildToolPlugin */ = {
			isa = XCSwiftPackageProductDependency;
			package = F2EE40232CEDB23300C87804 /* XCRemoteSwiftPackageReference "SwiftLint" */;
			productName = "plugin:SwiftLintBuildToolPlugin";
		};
/* End XCSwiftPackageProductDependency section */
	};
	rootObject = F28B0EF02CEDA7D000F8CEA5 /* Project object */;
}
