// !$*UTF8*$!
{
	archiveVersion = 1;
	classes = {
	};
	objectVersion = 56;
	objects = {

/* Begin PBXBuildFile section */
		F28B0EFC2CEDA7D000F8CEA5 /* FireDispatchStatusAppApp.swift in Sources */ = {isa = PBXBuildFile; fileRef = F28B0EFB2CEDA7D000F8CEA5 /* FireDispatchStatusAppApp.swift */; };
		F28B0EFE2CEDA7D000F8CEA5 /* ContentView.swift in Sources */ = {isa = PBXBuildFile; fileRef = F28B0EFD2CEDA7D000F8CEA5 /* ContentView.swift */; };
		F28B0F002CEDA7D200F8CEA5 /* Assets.xcassets in Resources */ = {isa = PBXBuildFile; fileRef = F28B0EFF2CEDA7D200F8CEA5 /* Assets.xcassets */; };
		F28B0F032CEDA7D200F8CEA5 /* Preview Assets.xcassets in Resources */ = {isa = PBXBuildFile; fileRef = F28B0F022CEDA7D200F8CEA5 /* Preview Assets.xcassets */; };
		F2EE40192CEDAD5F00C87804 /* ComposableArchitecture in Frameworks */ = {isa = PBXBuildFile; productRef = F2EE40182CEDAD5F00C87804 /* ComposableArchitecture */; };
		F2EE40272CEDB2CB00C87804 /* .swiftlint.yml in Resources */ = {isa = PBXBuildFile; fileRef = F2EE40262CEDB2CB00C87804 /* .swiftlint.yml */; };
/* End PBXBuildFile section */

/* Begin PBXFileReference section */
		F28B0EF82CEDA7D000F8CEA5 /* FireDispatchStatusApp.app */ = {isa = PBXFileReference; explicitFileType = wrapper.application; includeInIndex = 0; path = FireDispatchStatusApp.app; sourceTree = BUILT_PRODUCTS_DIR; };
		F28B0EFB2CEDA7D000F8CEA5 /* FireDispatchStatusAppApp.swift */ = {isa = PBXFileReference; lastKnownFileType = sourcecode.swift; path = FireDispatchStatusAppApp.swift; sourceTree = "<group>"; };
		F28B0EFD2CEDA7D000F8CEA5 /* ContentView.swift */ = {isa = PBXFileReference; lastKnownFileType = sourcecode.swift; path = ContentView.swift; sourceTree = "<group>"; };
		F28B0EFF2CEDA7D200F8CEA5 /* Assets.xcassets */ = {isa = PBXFileReference; lastKnownFileType = folder.assetcatalog; path = Assets.xcassets; sourceTree = "<group>"; };
		F28B0F022CEDA7D200F8CEA5 /* Preview Assets.xcassets */ = {isa = PBXFileReference; lastKnownFileType = folder.assetcatalog; path = "Preview Assets.xcassets"; sourceTree = "<group>"; };
		F2EE40262CEDB2CB00C87804 /* .swiftlint.yml */ = {isa = PBXFileReference; lastKnownFileType = text.yaml; path = .swiftlint.yml; sourceTree = "<group>"; };
/* End PBXFileReference section */

/* Begin PBXFrameworksBuildPhase section */
		F28B0EF52CEDA7D000F8CEA5 /* Frameworks */ = {
			isa = PBXFrameworksBuildPhase;
			buildActionMask = 2147483647;
			files = (
				F2EE40192CEDAD5F00C87804 /* ComposableArchitecture in Frameworks */,
			);
			runOnlyForDeploymentPostprocessing = 0;
		};
/* End PBXFrameworksBuildPhase section */

/* Begin PBXGroup section */
		F28B0EEF2CEDA7D000F8CEA5 = {
			isa = PBXGroup;
			children = (
				F2EE40262CEDB2CB00C87804 /* .swiftlint.yml */,
				F28B0EFA2CEDA7D000F8CEA5 /* FireDispatchStatusApp */,
				F28B0EF92CEDA7D000F8CEA5 /* Products */,
			);
			sourceTree = "<group>";
		};
		F28B0EF92CEDA7D000F8CEA5 /* Products */ = {
			isa = PBXGroup;
			children = (
				F28B0EF82CEDA7D000F8CEA5 /* FireDispatchStatusApp.app */,
			);
			name = Products;
			sourceTree = "<group>";
		};
		F28B0EFA2CEDA7D000F8CEA5 /* FireDispatchStatusApp */ = {
			isa = PBXGroup;
			children = (
				F28B0EFB2CEDA7D000F8CEA5 /* FireDispatchStatusAppApp.swift */,
				F28B0EFD2CEDA7D000F8CEA5 /* ContentView.swift */,
				F28B0EFF2CEDA7D200F8CEA5 /* Assets.xcassets */,
				F28B0F012CEDA7D200F8CEA5 /* Preview Content */,
			);
			path = FireDispatchStatusApp;
			sourceTree = "<group>";
		};
		F28B0F012CEDA7D200F8CEA5 /* Preview Content */ = {
			isa = PBXGroup;
			children = (
				F28B0F022CEDA7D200F8CEA5 /* Preview Assets.xcassets */,
			);
			path = "Preview Content";
			sourceTree = "<group>";
		};
/* End PBXGroup section */

/* Begin PBXNativeTarget section */
		F28B0EF72CEDA7D000F8CEA5 /* FireDispatchStatusApp */ = {
			isa = PBXNativeTarget;
			buildConfigurationList = F28B0F062CEDA7D200F8CEA5 /* Build configuration list for PBXNativeTarget "FireDispatchStatusApp" */;
			buildPhases = (
				F28B0EF42CEDA7D000F8CEA5 /* Sources */,
				F28B0EF52CEDA7D000F8CEA5 /* Frameworks */,
				F28B0EF62CEDA7D000F8CEA5 /* Resources */,
			);
			buildRules = (
			);
			dependencies = (
				F2EE40252CEDB29A00C87804 /* PBXTargetDependency */,
			);
			name = FireDispatchStatusApp;
			packageProductDependencies = (
				F2EE40182CEDAD5F00C87804 /* ComposableArchitecture */,
			);
			productName = FireDispatchStatusApp;
			productReference = F28B0EF82CEDA7D000F8CEA5 /* FireDispatchStatusApp.app */;
			productType = "com.apple.product-type.application";
		};
/* End PBXNativeTarget section */

/* Begin PBXProject section */
		F28B0EF02CEDA7D000F8CEA5 /* Project object */ = {
			isa = PBXProject;
			attributes = {
				BuildIndependentTargetsInParallel = 1;
				LastSwiftUpdateCheck = 1530;
				LastUpgradeCheck = 1530;
				TargetAttributes = {
					F28B0EF72CEDA7D000F8CEA5 = {
						CreatedOnToolsVersion = 15.3;
					};
				};
			};
			buildConfigurationList = F28B0EF32CEDA7D000F8CEA5 /* Build configuration list for PBXProject "FireDispatchStatusApp" */;
			compatibilityVersion = "Xcode 14.0";
			developmentRegion = en;
			hasScannedForEncodings = 0;
			knownRegions = (
				en,
				Base,
			);
			mainGroup = F28B0EEF2CEDA7D000F8CEA5;
			packageReferences = (
				F2EE40172CEDAD5F00C87804 /* XCRemoteSwiftPackageReference "swift-composable-architecture" */,
				F2EE40232CEDB23300C87804 /* XCRemoteSwiftPackageReference "SwiftLint" */,
			);
			productRefGroup = F28B0EF92CEDA7D000F8CEA5 /* Products */;
			projectDirPath = "";
			projectRoot = "";
			targets = (
				F28B0EF72CEDA7D000F8CEA5 /* FireDispatchStatusApp */,
			);
		};
/* End PBXProject section */

/* Begin PBXResourcesBuildPhase section */
		F28B0EF62CEDA7D000F8CEA5 /* Resources */ = {
			isa = PBXResourcesBuildPhase;
			buildActionMask = 2147483647;
			files = (
				F2EE40272CEDB2CB00C87804 /* .swiftlint.yml in Resources */,
				F28B0F032CEDA7D200F8CEA5 /* Preview Assets.xcassets in Resources */,
				F28B0F002CEDA7D200F8CEA5 /* Assets.xcassets in Resources */,
			);
			runOnlyForDeploymentPostprocessing = 0;
		};
/* End PBXResourcesBuildPhase section */

/* Begin PBXSourcesBuildPhase section */
		F28B0EF42CEDA7D000F8CEA5 /* Sources */ = {
			isa = PBXSourcesBuildPhase;
			buildActionMask = 2147483647;
			files = (
				F28B0EFE2CEDA7D000F8CEA5 /* ContentView.swift in Sources */,
				F28B0EFC2CEDA7D000F8CEA5 /* FireDispatchStatusAppApp.swift in Sources */,
			);
			runOnlyForDeploymentPostprocessing = 0;
		};
/* End PBXSourcesBuildPhase section */

/* Begin PBXTargetDependency section */
		F2EE40252CEDB29A00C87804 /* PBXTargetDependency */ = {
			isa = PBXTargetDependency;
			productRef = F2EE40242CEDB29A00C87804 /* SwiftLintBuildToolPlugin */;
		};
/* End PBXTargetDependency section */

/* Begin XCBuildConfiguration section */
		F28B0F042CEDA7D200F8CEA5 /* Debug */ = {
			isa = XCBuildConfiguration;
			buildSettings = {
				ALWAYS_SEARCH_USER_PATHS = NO;
				ASSETCATALOG_COMPILER_GENERATE_SWIFT_ASSET_SYMBOL_EXTENSIONS = YES;
				CLANG_ANALYZER_NONNULL = YES;
				CLANG_ANALYZER_NUMBER_OBJECT_CONVERSION = YES_AGGRESSIVE;
				CLANG_CXX_LANGUAGE_STANDARD = "gnu++20";
				CLANG_ENABLE_MODULES = YES;
				CLANG_ENABLE_OBJC_ARC = YES;
				CLANG_ENABLE_OBJC_WEAK = YES;
				CLANG_WARN_BLOCK_CAPTURE_AUTORELEASING = YES;
				CLANG_WARN_BOOL_CONVERSION = YES;
				CLANG_WARN_COMMA = YES;
				CLANG_WARN_CONSTANT_CONVERSION = YES;
				CLANG_WARN_DEPRECATED_OBJC_IMPLEMENTATIONS = YES;
				CLANG_WARN_DIRECT_OBJC_ISA_USAGE = YES_ERROR;
				CLANG_WARN_DOCUMENTATION_COMMENTS = YES;
				CLANG_WARN_EMPTY_BODY = YES;
				CLANG_WARN_ENUM_CONVERSION = YES;
				CLANG_WARN_INFINITE_RECURSION = YES;
				CLANG_WARN_INT_CONVERSION = YES;
				CLANG_WARN_NON_LITERAL_NULL_CONVERSION = YES;
				CLANG_WARN_OBJC_IMPLICIT_RETAIN_SELF = YES;
				CLANG_WARN_OBJC_LITERAL_CONVERSION = YES;
				CLANG_WARN_OBJC_ROOT_CLASS = YES_ERROR;
				CLANG_WARN_QUOTED_INCLUDE_IN_FRAMEWORK_HEADER = YES;
				CLANG_WARN_RANGE_LOOP_ANALYSIS = YES;
				CLANG_WARN_STRICT_PROTOTYPES = YES;
				CLANG_WARN_SUSPICIOUS_MOVE = YES;
				CLANG_WARN_UNGUARDED_AVAILABILITY = YES_AGGRESSIVE;
				CLANG_WARN_UNREACHABLE_CODE = YES;
				CLANG_WARN__DUPLICATE_METHOD_MATCH = YES;
				COPY_PHASE_STRIP = NO;
				DEBUG_INFORMATION_FORMAT = dwarf;
				ENABLE_STRICT_OBJC_MSGSEND = YES;
				ENABLE_TESTABILITY = YES;
				ENABLE_USER_SCRIPT_SANDBOXING = YES;
				GCC_C_LANGUAGE_STANDARD = gnu17;
				GCC_DYNAMIC_NO_PIC = NO;
				GCC_NO_COMMON_BLOCKS = YES;
				GCC_OPTIMIZATION_LEVEL = 0;
				GCC_PREPROCESSOR_DEFINITIONS = (
					"DEBUG=1",
					"$(inherited)",
				);
				GCC_WARN_64_TO_32_BIT_CONVERSION = YES;
				GCC_WARN_ABOUT_RETURN_TYPE = YES_ERROR;
				GCC_WARN_UNDECLARED_SELECTOR = YES;
				GCC_WARN_UNINITIALIZED_AUTOS = YES_AGGRESSIVE;
				GCC_WARN_UNUSED_FUNCTION = YES;
				GCC_WARN_UNUSED_VARIABLE = YES;
				IPHONEOS_DEPLOYMENT_TARGET = 17.4;
				LOCALIZATION_PREFERS_STRING_CATALOGS = YES;
				MTL_ENABLE_DEBUG_INFO = INCLUDE_SOURCE;
				MTL_FAST_MATH = YES;
				ONLY_ACTIVE_ARCH = YES;
				SDKROOT = iphoneos;
				SWIFT_ACTIVE_COMPILATION_CONDITIONS = "DEBUG $(inherited)";
				SWIFT_OPTIMIZATION_LEVEL = "-Onone";
			};
			name = Debug;
		};
		F28B0F052CEDA7D200F8CEA5 /* Release */ = {
			isa = XCBuildConfiguration;
			buildSettings = {
				ALWAYS_SEARCH_USER_PATHS = NO;
				ASSETCATALOG_COMPILER_GENERATE_SWIFT_ASSET_SYMBOL_EXTENSIONS = YES;
				CLANG_ANALYZER_NONNULL = YES;
				CLANG_ANALYZER_NUMBER_OBJECT_CONVERSION = YES_AGGRESSIVE;
				CLANG_CXX_LANGUAGE_STANDARD = "gnu++20";
				CLANG_ENABLE_MODULES = YES;
				CLANG_ENABLE_OBJC_ARC = YES;
				CLANG_ENABLE_OBJC_WEAK = YES;
				CLANG_WARN_BLOCK_CAPTURE_AUTORELEASING = YES;
				CLANG_WARN_BOOL_CONVERSION = YES;
				CLANG_WARN_COMMA = YES;
				CLANG_WARN_CONSTANT_CONVERSION = YES;
				CLANG_WARN_DEPRECATED_OBJC_IMPLEMENTATIONS = YES;
				CLANG_WARN_DIRECT_OBJC_ISA_USAGE = YES_ERROR;
				CLANG_WARN_DOCUMENTATION_COMMENTS = YES;
				CLANG_WARN_EMPTY_BODY = YES;
				CLANG_WARN_ENUM_CONVERSION = YES;
				CLANG_WARN_INFINITE_RECURSION = YES;
				CLANG_WARN_INT_CONVERSION = YES;
				CLANG_WARN_NON_LITERAL_NULL_CONVERSION = YES;
				CLANG_WARN_OBJC_IMPLICIT_RETAIN_SELF = YES;
				CLANG_WARN_OBJC_LITERAL_CONVERSION = YES;
				CLANG_WARN_OBJC_ROOT_CLASS = YES_ERROR;
				CLANG_WARN_QUOTED_INCLUDE_IN_FRAMEWORK_HEADER = YES;
				CLANG_WARN_RANGE_LOOP_ANALYSIS = YES;
				CLANG_WARN_STRICT_PROTOTYPES = YES;
				CLANG_WARN_SUSPICIOUS_MOVE = YES;
				CLANG_WARN_UNGUARDED_AVAILABILITY = YES_AGGRESSIVE;
				CLANG_WARN_UNREACHABLE_CODE = YES;
				CLANG_WARN__DUPLICATE_METHOD_MATCH = YES;
				COPY_PHASE_STRIP = NO;
				DEBUG_INFORMATION_FORMAT = "dwarf-with-dsym";
				ENABLE_NS_ASSERTIONS = NO;
				ENABLE_STRICT_OBJC_MSGSEND = YES;
				ENABLE_USER_SCRIPT_SANDBOXING = YES;
				GCC_C_LANGUAGE_STANDARD = gnu17;
				GCC_NO_COMMON_BLOCKS = YES;
				GCC_WARN_64_TO_32_BIT_CONVERSION = YES;
				GCC_WARN_ABOUT_RETURN_TYPE = YES_ERROR;
				GCC_WARN_UNDECLARED_SELECTOR = YES;
				GCC_WARN_UNINITIALIZED_AUTOS = YES_AGGRESSIVE;
				GCC_WARN_UNUSED_FUNCTION = YES;
				GCC_WARN_UNUSED_VARIABLE = YES;
				IPHONEOS_DEPLOYMENT_TARGET = 17.4;
				LOCALIZATION_PREFERS_STRING_CATALOGS = YES;
				MTL_ENABLE_DEBUG_INFO = NO;
				MTL_FAST_MATH = YES;
				SDKROOT = iphoneos;
				SWIFT_COMPILATION_MODE = wholemodule;
				VALIDATE_PRODUCT = YES;
			};
			name = Release;
		};
		F28B0F072CEDA7D200F8CEA5 /* Debug */ = {
			isa = XCBuildConfiguration;
			buildSettings = {
				ASSETCATALOG_COMPILER_APPICON_NAME = AppIcon;
				ASSETCATALOG_COMPILER_GLOBAL_ACCENT_COLOR_NAME = AccentColor;
				CODE_SIGN_STYLE = Automatic;
				CURRENT_PROJECT_VERSION = 1;
				DEVELOPMENT_ASSET_PATHS = "\"FireDispatchStatusApp/Preview Content\"";
				DEVELOPMENT_TEAM = G42AKFB24M;
				ENABLE_PREVIEWS = YES;
				GENERATE_INFOPLIST_FILE = YES;
				INFOPLIST_KEY_UIApplicationSceneManifest_Generation = YES;
				INFOPLIST_KEY_UIApplicationSupportsIndirectInputEvents = YES;
				INFOPLIST_KEY_UILaunchScreen_Generation = YES;
				INFOPLIST_KEY_UISupportedInterfaceOrientations_iPad = "UIInterfaceOrientationPortrait UIInterfaceOrientationPortraitUpsideDown UIInterfaceOrientationLandscapeLeft UIInterfaceOrientationLandscapeRight";
				INFOPLIST_KEY_UISupportedInterfaceOrientations_iPhone = "UIInterfaceOrientationPortrait UIInterfaceOrientationLandscapeLeft UIInterfaceOrientationLandscapeRight";
				LD_RUNPATH_SEARCH_PATHS = (
					"$(inherited)",
					"@executable_path/Frameworks",
				);
				MARKETING_VERSION = 1.0;
				PRODUCT_BUNDLE_IDENTIFIER = deokho.FireDispatchStatusApp;
				PRODUCT_NAME = "$(TARGET_NAME)";
				SWIFT_EMIT_LOC_STRINGS = YES;
				SWIFT_VERSION = 5.0;
				TARGETED_DEVICE_FAMILY = "1,2";
			};
			name = Debug;
		};
		F28B0F082CEDA7D200F8CEA5 /* Release */ = {
			isa = XCBuildConfiguration;
			buildSettings = {
				ASSETCATALOG_COMPILER_APPICON_NAME = AppIcon;
				ASSETCATALOG_COMPILER_GLOBAL_ACCENT_COLOR_NAME = AccentColor;
				CODE_SIGN_STYLE = Automatic;
				CURRENT_PROJECT_VERSION = 1;
				DEVELOPMENT_ASSET_PATHS = "\"FireDispatchStatusApp/Preview Content\"";
				DEVELOPMENT_TEAM = G42AKFB24M;
				ENABLE_PREVIEWS = YES;
				GENERATE_INFOPLIST_FILE = YES;
				INFOPLIST_KEY_UIApplicationSceneManifest_Generation = YES;
				INFOPLIST_KEY_UIApplicationSupportsIndirectInputEvents = YES;
				INFOPLIST_KEY_UILaunchScreen_Generation = YES;
				INFOPLIST_KEY_UISupportedInterfaceOrientations_iPad = "UIInterfaceOrientationPortrait UIInterfaceOrientationPortraitUpsideDown UIInterfaceOrientationLandscapeLeft UIInterfaceOrientationLandscapeRight";
				INFOPLIST_KEY_UISupportedInterfaceOrientations_iPhone = "UIInterfaceOrientationPortrait UIInterfaceOrientationLandscapeLeft UIInterfaceOrientationLandscapeRight";
				LD_RUNPATH_SEARCH_PATHS = (
					"$(inherited)",
					"@executable_path/Frameworks",
				);
				MARKETING_VERSION = 1.0;
				PRODUCT_BUNDLE_IDENTIFIER = deokho.FireDispatchStatusApp;
				PRODUCT_NAME = "$(TARGET_NAME)";
				SWIFT_EMIT_LOC_STRINGS = YES;
				SWIFT_VERSION = 5.0;
				TARGETED_DEVICE_FAMILY = "1,2";
			};
			name = Release;
		};
/* End XCBuildConfiguration section */

/* Begin XCConfigurationList section */
		F28B0EF32CEDA7D000F8CEA5 /* Build configuration list for PBXProject "FireDispatchStatusApp" */ = {
			isa = XCConfigurationList;
			buildConfigurations = (
				F28B0F042CEDA7D200F8CEA5 /* Debug */,
				F28B0F052CEDA7D200F8CEA5 /* Release */,
			);
			defaultConfigurationIsVisible = 0;
			defaultConfigurationName = Release;
		};
		F28B0F062CEDA7D200F8CEA5 /* Build configuration list for PBXNativeTarget "FireDispatchStatusApp" */ = {
			isa = XCConfigurationList;
			buildConfigurations = (
				F28B0F072CEDA7D200F8CEA5 /* Debug */,
				F28B0F082CEDA7D200F8CEA5 /* Release */,
			);
			defaultConfigurationIsVisible = 0;
			defaultConfigurationName = Release;
		};
/* End XCConfigurationList section */

/* Begin XCRemoteSwiftPackageReference section */
		F2EE40172CEDAD5F00C87804 /* XCRemoteSwiftPackageReference "swift-composable-architecture" */ = {
			isa = XCRemoteSwiftPackageReference;
			repositoryURL = "https://github.com/pointfreeco/swift-composable-architecture.git";
			requirement = {
				kind = upToNextMajorVersion;
				minimumVersion = 1.16.1;
			};
		};
		F2EE40232CEDB23300C87804 /* XCRemoteSwiftPackageReference "SwiftLint" */ = {
			isa = XCRemoteSwiftPackageReference;
			repositoryURL = "https://github.com/realm/SwiftLint.git";
			requirement = {
				kind = upToNextMajorVersion;
				minimumVersion = 0.57.0;
			};
		};
/* End XCRemoteSwiftPackageReference section */

/* Begin XCSwiftPackageProductDependency section */
		F2EE40182CEDAD5F00C87804 /* ComposableArchitecture */ = {
			isa = XCSwiftPackageProductDependency;
			package = F2EE40172CEDAD5F00C87804 /* XCRemoteSwiftPackageReference "swift-composable-architecture" */;
			productName = ComposableArchitecture;
		};
		F2EE40242CEDB29A00C87804 /* SwiftLintBuildToolPlugin */ = {
			isa = XCSwiftPackageProductDependency;
			package = F2EE40232CEDB23300C87804 /* XCRemoteSwiftPackageReference "SwiftLint" */;
			productName = "plugin:SwiftLintBuildToolPlugin";
		};
/* End XCSwiftPackageProductDependency section */
	};
	rootObject = F28B0EF02CEDA7D000F8CEA5 /* Project object */;
}
